
Microsoft Visual Studio Solution File, Format Version 12.00
# Visual Studio Version 16
VisualStudioVersion = 16.0.29519.87
MinimumVisualStudioVersion = 10.0.40219.1
Project("{9A19103F-16F7-4668-BE54-9A1E7A4F7556}") = "Rocket.Chat.Api.Core", "Rocket.Chat.Api.Core\Rocket.Chat.Api.Core.csproj", "{EFBB3D87-6C91-4D65-B0E4-05830B6A377C}"
EndProject
Project("{9A19103F-16F7-4668-BE54-9A1E7A4F7556}") = "Rocket.Chat.Domain", "Rocket.Chat.Domain\Rocket.Chat.Domain.csproj", "{6C1C925E-DCB8-424A-BCF0-BCBCE84C6FC8}"
EndProject
Project("{9A19103F-16F7-4668-BE54-9A1E7A4F7556}") = "Console.Test", "Console.Test\Console.Test.csproj", "{0A9474B5-FF71-4675-90A4-A35F52F8F158}"
EndProject
Project("{9A19103F-16F7-4668-BE54-9A1E7A4F7556}") = "Rocket.Chat.Api.Core.SimpleInjector", "Rocket.Chat.Api.Core.SimpleInjector\Rocket.Chat.Api.Core.SimpleInjector.csproj", "{2B348FC4-C526-4D84-BC91-7FA5ECFEAE67}"
EndProject
Global
	GlobalSection(SolutionConfigurationPlatforms) = preSolution
		Debug|Any CPU = Debug|Any CPU
		Release|Any CPU = Release|Any CPU
	EndGlobalSection
	GlobalSection(ProjectConfigurationPlatforms) = postSolution
		{EFBB3D87-6C91-4D65-B0E4-05830B6A377C}.Debug|Any CPU.ActiveCfg = Debug|Any CPU
		{EFBB3D87-6C91-4D65-B0E4-05830B6A377C}.Debug|Any CPU.Build.0 = Debug|Any CPU
		{EFBB3D87-6C91-4D65-B0E4-05830B6A377C}.Release|Any CPU.ActiveCfg = Release|Any CPU
		{EFBB3D87-6C91-4D65-B0E4-05830B6A377C}.Release|Any CPU.Build.0 = Release|Any CPU
		{6C1C925E-DCB8-424A-BCF0-BCBCE84C6FC8}.Debug|Any CPU.ActiveCfg = Debug|Any CPU
		{6C1C925E-DCB8-424A-BCF0-BCBCE84C6FC8}.Debug|Any CPU.Build.0 = Debug|Any CPU
		{6C1C925E-DCB8-424A-BCF0-BCBCE84C6FC8}.Release|Any CPU.ActiveCfg = Release|Any CPU
		{6C1C925E-DCB8-424A-BCF0-BCBCE84C6FC8}.Release|Any CPU.Build.0 = Release|Any CPU
		{0A9474B5-FF71-4675-90A4-A35F52F8F158}.Debug|Any CPU.ActiveCfg = Debug|Any CPU
		{0A9474B5-FF71-4675-90A4-A35F52F8F158}.Debug|Any CPU.Build.0 = Debug|Any CPU
		{0A9474B5-FF71-4675-90A4-A35F52F8F158}.Release|Any CPU.ActiveCfg = Release|Any CPU
		{0A9474B5-FF71-4675-90A4-A35F52F8F158}.Release|Any CPU.Build.0 = Release|Any CPU
		{2B348FC4-C526-4D84-BC91-7FA5ECFEAE67}.Debug|Any CPU.ActiveCfg = Debug|Any CPU
		{2B348FC4-C526-4D84-BC91-7FA5ECFEAE67}.Debug|Any CPU.Build.0 = Debug|Any CPU
		{2B348FC4-C526-4D84-BC91-7FA5ECFEAE67}.Release|Any CPU.ActiveCfg = Release|Any CPU
		{2B348FC4-C526-4D84-BC91-7FA5ECFEAE67}.Release|Any CPU.Build.0 = Release|Any CPU
	EndGlobalSection
	GlobalSection(SolutionProperties) = preSolution
		HideSolutionNode = FALSE
	EndGlobalSection
	GlobalSection(ExtensibilityGlobals) = postSolution
		SolutionGuid = {69A39DB9-1B10-416D-9E28-15E785C98592}
	EndGlobalSection
EndGlobal
